
Microsoft Visual Studio Solution File, Format Version 12.00
# Visual Studio Version 17
VisualStudioVersion = 17.10.35013.160
MinimumVisualStudioVersion = 10.0.40219.1
Project("{FAE04EC0-301F-11D3-BF4B-00C04F79EFBC}") = "MovieApp", "MovieApp.csproj", "{CE868D08-55F7-4E14-9910-C5EACEDEB7FE}"
EndProject
Global
	GlobalSection(SolutionConfigurationPlatforms) = preSolution
		Debug|Any CPU = Debug|Any CPU
		Release|Any CPU = Release|Any CPU
	EndGlobalSection
	GlobalSection(ProjectConfigurationPlatforms) = postSolution
		{CE868D08-55F7-4E14-9910-C5EACEDEB7FE}.Debug|Any CPU.ActiveCfg = Debug|Any CPU
		{CE868D08-55F7-4E14-9910-C5EACEDEB7FE}.Debug|Any CPU.Build.0 = Debug|Any CPU
		{CE868D08-55F7-4E14-9910-C5EACEDEB7FE}.Release|Any CPU.ActiveCfg = Release|Any CPU
		{CE868D08-55F7-4E14-9910-C5EACEDEB7FE}.Release|Any CPU.Build.0 = Release|Any CPU
	EndGlobalSection
	GlobalSection(SolutionProperties) = preSolution
		HideSolutionNode = FALSE
	EndGlobalSection
	GlobalSection(ExtensibilityGlobals) = postSolution
		SolutionGuid = {9EB1A9BA-A6C0-4EB7-842C-5125840418D1}
	EndGlobalSection
EndGlobal
